
Microsoft Visual Studio Solution File, Format Version 12.00
# Visual Studio Version 17
VisualStudioVersion = 17.14.36429.23 d17.14
MinimumVisualStudioVersion = 10.0.40219.1
Project("{FAE04EC0-301F-11D3-BF4B-00C04F79EFBC}") = "asp_project", "asp_project\asp_project.csproj", "{816361B1-4F67-4D16-ADE4-1006579AD8A7}"
EndProject
Global
	GlobalSection(SolutionConfigurationPlatforms) = preSolution
		Debug|Any CPU = Debug|Any CPU
		Release|Any CPU = Release|Any CPU
	EndGlobalSection
	GlobalSection(ProjectConfigurationPlatforms) = postSolution
		{816361B1-4F67-4D16-ADE4-1006579AD8A7}.Debug|Any CPU.ActiveCfg = Debug|Any CPU
		{816361B1-4F67-4D16-ADE4-1006579AD8A7}.Debug|Any CPU.Build.0 = Debug|Any CPU
		{816361B1-4F67-4D16-ADE4-1006579AD8A7}.Release|Any CPU.ActiveCfg = Release|Any CPU
		{816361B1-4F67-4D16-ADE4-1006579AD8A7}.Release|Any CPU.Build.0 = Release|Any CPU
	EndGlobalSection
	GlobalSection(SolutionProperties) = preSolution
		HideSolutionNode = FALSE
	EndGlobalSection
	GlobalSection(ExtensibilityGlobals) = postSolution
		SolutionGuid = {E2C1CBCD-4BDE-4ADF-9BEA-EF8A15656E0B}
	EndGlobalSection
EndGlobal
